{
  "object": {
    "pins": [
      {
        "package": "BigInt",
        "repositoryURL": "https://github.com/leif-ibsen/BigInt.git",
        "state": {
          "branch": null,
          "revision": "452076c662f9c0c552705c3697d370d35f924f5a",
          "version": "1.6.0"
        }
      }
    ]
  },
  "version": 1
}
