{
  "object": {
    "pins": [
      {
        "package": "BigInt",
        "repositoryURL": "https://github.com/leif-ibsen/BigInt.git",
        "state": {
          "branch": null,
          "revision": "3fe07ec38afa732e86d4f3e867cb43b05d004941",
          "version": "1.14.0"
        }
      }
    ]
  },
  "version": 1
}
